# THIS IS AN AUTOGENERATED FILE. DO NOT EDIT THIS FILE DIRECTLY.
# yarn lockfile v1


friendly-words@^1.1.10:
  version "1.1.10"
  resolved "https://registry.yarnpkg.com/friendly-words/-/friendly-words-1.1.10.tgz#66a1f0cdb258fb567a0d68ca37f944cb19405fd6"
  integrity sha512-KFrW1RS5qr7uIFF3RXITtmTHQhLA0J6htpKkoTcTSNxyXeOTio5venOr8AdOiS9KAQlxhnONcCifyJcj0kM7/A==

micro-cors@^0.1.1:
  version "0.1.1"
  resolved "https://registry.yarnpkg.com/micro-cors/-/micro-cors-0.1.1.tgz#af7a480182c114ffd1ada84ad9dffc52bb4f4054"
  integrity sha512-6WqIahA5sbQR1Gjexp1VuWGFDKbZZleJb/gy1khNGk18a6iN1FdTcr3Q8twaxkV5H94RjxIBjirYbWCehpMBFw==

prettier@^1.19.1:
  version "1.19.1"
  resolved "https://registry.yarnpkg.com/prettier/-/prettier-1.19.1.tgz#f7d7f5ff8a9cd872a7be4ca142095956a60797cb"
  integrity sha512-s7PoyDv/II1ObgQunCbB9PdLmUcBZcnWOcxDh7O0N/UwDEsHyqkW+Qh28jW+mVuCdx7gLB0BotYI1Y6uI9iyew==
